
Microsoft Visual Studio Solution File, Format Version 12.00
# Visual Studio Version 16
VisualStudioVersion = 16.0.30413.136
MinimumVisualStudioVersion = 10.0.40219.1
Project("{8BC9CEB8-8B4A-11D0-8D11-00A0C91BC942}") = "dragonbox", "dragonbox.vcxproj", "{E4F6E6D8-2EB6-45C4-A792-EF1C6D4689CE}"
EndProject
Project("{2150E333-8FDC-42A3-9474-1A3956D46DE8}") = "3rdparty", "3rdparty", "{CFA04521-588D-4DD0-81BF-A880D87922A6}"
EndProject
Project("{2150E333-8FDC-42A3-9474-1A3956D46DE8}") = "subprojects", "subprojects", "{5C435CEA-7B58-4C75-933B-E1D02BAD13E4}"
EndProject
Project("{8BC9CEB8-8B4A-11D0-8D11-00A0C91BC942}") = "grisu_exact", "subprojects\3rdparty\grisu_exact\grisu_exact.vcxproj", "{A05D12B7-ED44-418C-AF03-176438B96F81}"
EndProject
Project("{8BC9CEB8-8B4A-11D0-8D11-00A0C91BC942}") = "ryu", "subprojects\3rdparty\ryu\ryu.vcxproj", "{F95528D7-852A-48D0-9573-008B96E653A3}"
EndProject
Project("{8BC9CEB8-8B4A-11D0-8D11-00A0C91BC942}") = "schubfach", "subprojects\3rdparty\schubfach\schubfach.vcxproj", "{F6DE4EDF-2238-4447-BD43-6D43248F4D81}"
EndProject
Project("{8BC9CEB8-8B4A-11D0-8D11-00A0C91BC942}") = "benchmark", "subprojects\benchmark\benchmark.vcxproj", "{E160949F-C637-4E0D-BAAE-1AE7AEC78C4E}"
	ProjectSection(ProjectDependencies) = postProject
		{A05D12B7-ED44-418C-AF03-176438B96F81} = {A05D12B7-ED44-418C-AF03-176438B96F81}
		{F95528D7-852A-48D0-9573-008B96E653A3} = {F95528D7-852A-48D0-9573-008B96E653A3}
		{E4F6E6D8-2EB6-45C4-A792-EF1C6D4689CE} = {E4F6E6D8-2EB6-45C4-A792-EF1C6D4689CE}
		{F6DE4EDF-2238-4447-BD43-6D43248F4D81} = {F6DE4EDF-2238-4447-BD43-6D43248F4D81}
	EndProjectSection
EndProject
Global
	GlobalSection(SolutionConfigurationPlatforms) = preSolution
		Debug|Win32 = Debug|Win32
		Debug|x64 = Debug|x64
		Release|Win32 = Release|Win32
		Release|x64 = Release|x64
		ReleaseClang|Win32 = ReleaseClang|Win32
		ReleaseClang|x64 = ReleaseClang|x64
	EndGlobalSection
	GlobalSection(ProjectConfigurationPlatforms) = postSolution
		{E4F6E6D8-2EB6-45C4-A792-EF1C6D4689CE}.Debug|Win32.ActiveCfg = Debug|Win32
		{E4F6E6D8-2EB6-45C4-A792-EF1C6D4689CE}.Debug|Win32.Build.0 = Debug|Win32
		{E4F6E6D8-2EB6-45C4-A792-EF1C6D4689CE}.Debug|x64.ActiveCfg = Debug|x64
		{E4F6E6D8-2EB6-45C4-A792-EF1C6D4689CE}.Debug|x64.Build.0 = Debug|x64
		{E4F6E6D8-2EB6-45C4-A792-EF1C6D4689CE}.Release|Win32.ActiveCfg = Release|Win32
		{E4F6E6D8-2EB6-45C4-A792-EF1C6D4689CE}.Release|Win32.Build.0 = Release|Win32
		{E4F6E6D8-2EB6-45C4-A792-EF1C6D4689CE}.Release|x64.ActiveCfg = Release|x64
		{E4F6E6D8-2EB6-45C4-A792-EF1C6D4689CE}.Release|x64.Build.0 = Release|x64
		{E4F6E6D8-2EB6-45C4-A792-EF1C6D4689CE}.ReleaseClang|Win32.ActiveCfg = ReleaseClang|Win32
		{E4F6E6D8-2EB6-45C4-A792-EF1C6D4689CE}.ReleaseClang|Win32.Build.0 = ReleaseClang|Win32
		{E4F6E6D8-2EB6-45C4-A792-EF1C6D4689CE}.ReleaseClang|x64.ActiveCfg = ReleaseClang|x64
		{E4F6E6D8-2EB6-45C4-A792-EF1C6D4689CE}.ReleaseClang|x64.Build.0 = ReleaseClang|x64
		{A05D12B7-ED44-418C-AF03-176438B96F81}.Debug|Win32.ActiveCfg = Debug|Win32
		{A05D12B7-ED44-418C-AF03-176438B96F81}.Debug|Win32.Build.0 = Debug|Win32
		{A05D12B7-ED44-418C-AF03-176438B96F81}.Debug|x64.ActiveCfg = Debug|x64
		{A05D12B7-ED44-418C-AF03-176438B96F81}.Debug|x64.Build.0 = Debug|x64
		{A05D12B7-ED44-418C-AF03-176438B96F81}.Release|Win32.ActiveCfg = Release|Win32
		{A05D12B7-ED44-418C-AF03-176438B96F81}.Release|Win32.Build.0 = Release|Win32
		{A05D12B7-ED44-418C-AF03-176438B96F81}.Release|x64.ActiveCfg = Release|x64
		{A05D12B7-ED44-418C-AF03-176438B96F81}.Release|x64.Build.0 = Release|x64
		{A05D12B7-ED44-418C-AF03-176438B96F81}.ReleaseClang|Win32.ActiveCfg = ReleaseClang|Win32
		{A05D12B7-ED44-418C-AF03-176438B96F81}.ReleaseClang|Win32.Build.0 = ReleaseClang|Win32
		{A05D12B7-ED44-418C-AF03-176438B96F81}.ReleaseClang|x64.ActiveCfg = ReleaseClang|x64
		{A05D12B7-ED44-418C-AF03-176438B96F81}.ReleaseClang|x64.Build.0 = ReleaseClang|x64
		{F95528D7-852A-48D0-9573-008B96E653A3}.Debug|Win32.ActiveCfg = Debug|Win32
		{F95528D7-852A-48D0-9573-008B96E653A3}.Debug|Win32.Build.0 = Debug|Win32
		{F95528D7-852A-48D0-9573-008B96E653A3}.Debug|x64.ActiveCfg = Debug|x64
		{F95528D7-852A-48D0-9573-008B96E653A3}.Debug|x64.Build.0 = Debug|x64
		{F95528D7-852A-48D0-9573-008B96E653A3}.Release|Win32.ActiveCfg = Release|Win32
		{F95528D7-852A-48D0-9573-008B96E653A3}.Release|Win32.Build.0 = Release|Win32
		{F95528D7-852A-48D0-9573-008B96E653A3}.Release|x64.ActiveCfg = Release|x64
		{F95528D7-852A-48D0-9573-008B96E653A3}.Release|x64.Build.0 = Release|x64
		{F95528D7-852A-48D0-9573-008B96E653A3}.ReleaseClang|Win32.ActiveCfg = ReleaseClang|Win32
		{F95528D7-852A-48D0-9573-008B96E653A3}.ReleaseClang|Win32.Build.0 = ReleaseClang|Win32
		{F95528D7-852A-48D0-9573-008B96E653A3}.ReleaseClang|x64.ActiveCfg = ReleaseClang|x64
		{F95528D7-852A-48D0-9573-008B96E653A3}.ReleaseClang|x64.Build.0 = ReleaseClang|x64
		{F6DE4EDF-2238-4447-BD43-6D43248F4D81}.Debug|Win32.ActiveCfg = Debug|Win32
		{F6DE4EDF-2238-4447-BD43-6D43248F4D81}.Debug|Win32.Build.0 = Debug|Win32
		{F6DE4EDF-2238-4447-BD43-6D43248F4D81}.Debug|x64.ActiveCfg = Debug|x64
		{F6DE4EDF-2238-4447-BD43-6D43248F4D81}.Debug|x64.Build.0 = Debug|x64
		{F6DE4EDF-2238-4447-BD43-6D43248F4D81}.Release|Win32.ActiveCfg = Release|Win32
		{F6DE4EDF-2238-4447-BD43-6D43248F4D81}.Release|Win32.Build.0 = Release|Win32
		{F6DE4EDF-2238-4447-BD43-6D43248F4D81}.Release|x64.ActiveCfg = Release|x64
		{F6DE4EDF-2238-4447-BD43-6D43248F4D81}.Release|x64.Build.0 = Release|x64
		{F6DE4EDF-2238-4447-BD43-6D43248F4D81}.ReleaseClang|Win32.ActiveCfg = ReleaseClang|Win32
		{F6DE4EDF-2238-4447-BD43-6D43248F4D81}.ReleaseClang|Win32.Build.0 = ReleaseClang|Win32
		{F6DE4EDF-2238-4447-BD43-6D43248F4D81}.ReleaseClang|x64.ActiveCfg = ReleaseClang|x64
		{F6DE4EDF-2238-4447-BD43-6D43248F4D81}.ReleaseClang|x64.Build.0 = ReleaseClang|x64
		{E160949F-C637-4E0D-BAAE-1AE7AEC78C4E}.Debug|Win32.ActiveCfg = Debug|Win32
		{E160949F-C637-4E0D-BAAE-1AE7AEC78C4E}.Debug|Win32.Build.0 = Debug|Win32
		{E160949F-C637-4E0D-BAAE-1AE7AEC78C4E}.Debug|x64.ActiveCfg = Debug|x64
		{E160949F-C637-4E0D-BAAE-1AE7AEC78C4E}.Debug|x64.Build.0 = Debug|x64
		{E160949F-C637-4E0D-BAAE-1AE7AEC78C4E}.Release|Win32.ActiveCfg = Release|Win32
		{E160949F-C637-4E0D-BAAE-1AE7AEC78C4E}.Release|Win32.Build.0 = Release|Win32
		{E160949F-C637-4E0D-BAAE-1AE7AEC78C4E}.Release|x64.ActiveCfg = Release|x64
		{E160949F-C637-4E0D-BAAE-1AE7AEC78C4E}.Release|x64.Build.0 = Release|x64
		{E160949F-C637-4E0D-BAAE-1AE7AEC78C4E}.ReleaseClang|Win32.ActiveCfg = Release|Win32
		{E160949F-C637-4E0D-BAAE-1AE7AEC78C4E}.ReleaseClang|Win32.Build.0 = Release|Win32
		{E160949F-C637-4E0D-BAAE-1AE7AEC78C4E}.ReleaseClang|x64.ActiveCfg = ReleaseClang|x64
		{E160949F-C637-4E0D-BAAE-1AE7AEC78C4E}.ReleaseClang|x64.Build.0 = ReleaseClang|x64
	EndGlobalSection
	GlobalSection(SolutionProperties) = preSolution
		HideSolutionNode = FALSE
	EndGlobalSection
	GlobalSection(NestedProjects) = preSolution
		{CFA04521-588D-4DD0-81BF-A880D87922A6} = {5C435CEA-7B58-4C75-933B-E1D02BAD13E4}
		{A05D12B7-ED44-418C-AF03-176438B96F81} = {CFA04521-588D-4DD0-81BF-A880D87922A6}
		{F95528D7-852A-48D0-9573-008B96E653A3} = {CFA04521-588D-4DD0-81BF-A880D87922A6}
		{F6DE4EDF-2238-4447-BD43-6D43248F4D81} = {CFA04521-588D-4DD0-81BF-A880D87922A6}
		{E160949F-C637-4E0D-BAAE-1AE7AEC78C4E} = {5C435CEA-7B58-4C75-933B-E1D02BAD13E4}
	EndGlobalSection
	GlobalSection(ExtensibilityGlobals) = postSolution
		SolutionGuid = {8056C5D0-5B9A-4164-9656-185F705442CA}
	EndGlobalSection
EndGlobal
