<?xml version="1.0" encoding="utf-8"?>
<Project ToolsVersion="4.0" xmlns="http://schemas.microsoft.com/developer/msbuild/2003">
  <ItemGroup>
    <Filter Include="include">
      <UniqueIdentifier>{915a7b1d-d4ad-4a88-a0ff-4d43c5b350eb}</UniqueIdentifier>
    </Filter>
    <Filter Include="source">
      <UniqueIdentifier>{557e7d83-4299-442f-802c-2b22b52b119b}</UniqueIdentifier>
    </Filter>
  </ItemGroup>
  <ItemGroup>
    <ClCompile Include="..\source\dragonbox_to_chars.cpp">
      <Filter>source</Filter>
    </ClCompile>
  </ItemGroup>
  <ItemGroup>
    <ClInclude Include="..\include\dragonbox\dragonbox.h">
      <Filter>include</Filter>
    </ClInclude>
    <ClInclude Include="..\include\dragonbox\dragonbox_to_chars.h">
      <Filter>include</Filter>
    </ClInclude>
  </ItemGroup>
</Project>