<?xml version="1.0" encoding="utf-8"?>
<Project ToolsVersion="4.0" xmlns="http://schemas.microsoft.com/developer/msbuild/2003">
  <ItemGroup>
    <ClInclude Include="..\..\..\subprojects\benchmark\benchmark.h" />
  </ItemGroup>
  <ItemGroup>
    <ClCompile Include="..\..\..\subprojects\benchmark\dragonbox.cpp" />
    <ClCompile Include="..\..\..\subprojects\benchmark\grisu_exact.cpp" />
    <ClCompile Include="..\..\..\subprojects\benchmark\main.cpp" />
    <ClCompile Include="..\..\..\subprojects\benchmark\ryu.cpp" />
    <ClCompile Include="..\..\..\subprojects\benchmark\schubfach.cpp" />
  </ItemGroup>
</Project>